
Microsoft Visual Studio Solution File, Format Version 12.00
# Visual Studio 15
VisualStudioVersion = 15.0.26403.3
MinimumVisualStudioVersion = 10.0.40219.1
Project("{FAE04EC0-301F-11D3-BF4B-00C04F79EFBC}") = "CarouselsApp.Android", "CarouselsApp\CarouselsApp.Android\CarouselsApp.Android.csproj", "{55E3ECB0-1412-4CEB-B136-3AADBCC2F401}"
EndProject
Project("{FAE04EC0-301F-11D3-BF4B-00C04F79EFBC}") = "CarouselsApp", "CarouselsApp\CarouselsApp\CarouselsApp.csproj", "{75EBC898-5C09-4185-8DDD-AC6A95436941}"
EndProject
Global
	GlobalSection(SolutionConfigurationPlatforms) = preSolution
		Ad-Hoc|Any CPU = Ad-Hoc|Any CPU
		Ad-Hoc|iPhone = Ad-Hoc|iPhone
		Ad-Hoc|iPhoneSimulator = Ad-Hoc|iPhoneSimulator
		AppStore|Any CPU = AppStore|Any CPU
		AppStore|iPhone = AppStore|iPhone
		AppStore|iPhoneSimulator = AppStore|iPhoneSimulator
		Debug|Any CPU = Debug|Any CPU
		Debug|iPhone = Debug|iPhone
		Debug|iPhoneSimulator = Debug|iPhoneSimulator
		Release|Any CPU = Release|Any CPU
		Release|iPhone = Release|iPhone
		Release|iPhoneSimulator = Release|iPhoneSimulator
	EndGlobalSection
	GlobalSection(ProjectConfigurationPlatforms) = postSolution
		{55E3ECB0-1412-4CEB-B136-3AADBCC2F401}.Ad-Hoc|Any CPU.ActiveCfg = Release|Any CPU
		{55E3ECB0-1412-4CEB-B136-3AADBCC2F401}.Ad-Hoc|Any CPU.Build.0 = Release|Any CPU
		{55E3ECB0-1412-4CEB-B136-3AADBCC2F401}.Ad-Hoc|Any CPU.Deploy.0 = Release|Any CPU
		{55E3ECB0-1412-4CEB-B136-3AADBCC2F401}.Ad-Hoc|iPhone.ActiveCfg = Release|Any CPU
		{55E3ECB0-1412-4CEB-B136-3AADBCC2F401}.Ad-Hoc|iPhone.Build.0 = Release|Any CPU
		{55E3ECB0-1412-4CEB-B136-3AADBCC2F401}.Ad-Hoc|iPhone.Deploy.0 = Release|Any CPU
		{55E3ECB0-1412-4CEB-B136-3AADBCC2F401}.Ad-Hoc|iPhoneSimulator.ActiveCfg = Release|Any CPU
		{55E3ECB0-1412-4CEB-B136-3AADBCC2F401}.Ad-Hoc|iPhoneSimulator.Build.0 = Release|Any CPU
		{55E3ECB0-1412-4CEB-B136-3AADBCC2F401}.Ad-Hoc|iPhoneSimulator.Deploy.0 = Release|Any CPU
		{55E3ECB0-1412-4CEB-B136-3AADBCC2F401}.AppStore|Any CPU.ActiveCfg = Release|Any CPU
		{55E3ECB0-1412-4CEB-B136-3AADBCC2F401}.AppStore|Any CPU.Build.0 = Release|Any CPU
		{55E3ECB0-1412-4CEB-B136-3AADBCC2F401}.AppStore|Any CPU.Deploy.0 = Release|Any CPU
		{55E3ECB0-1412-4CEB-B136-3AADBCC2F401}.AppStore|iPhone.ActiveCfg = Release|Any CPU
		{55E3ECB0-1412-4CEB-B136-3AADBCC2F401}.AppStore|iPhone.Build.0 = Release|Any CPU
		{55E3ECB0-1412-4CEB-B136-3AADBCC2F401}.AppStore|iPhone.Deploy.0 = Release|Any CPU
		{55E3ECB0-1412-4CEB-B136-3AADBCC2F401}.AppStore|iPhoneSimulator.ActiveCfg = Release|Any CPU
		{55E3ECB0-1412-4CEB-B136-3AADBCC2F401}.AppStore|iPhoneSimulator.Build.0 = Release|Any CPU
		{55E3ECB0-1412-4CEB-B136-3AADBCC2F401}.AppStore|iPhoneSimulator.Deploy.0 = Release|Any CPU
		{55E3ECB0-1412-4CEB-B136-3AADBCC2F401}.Debug|Any CPU.ActiveCfg = Debug|Any CPU
		{55E3ECB0-1412-4CEB-B136-3AADBCC2F401}.Debug|Any CPU.Build.0 = Debug|Any CPU
		{55E3ECB0-1412-4CEB-B136-3AADBCC2F401}.Debug|Any CPU.Deploy.0 = Debug|Any CPU
		{55E3ECB0-1412-4CEB-B136-3AADBCC2F401}.Debug|iPhone.ActiveCfg = Debug|Any CPU
		{55E3ECB0-1412-4CEB-B136-3AADBCC2F401}.Debug|iPhone.Build.0 = Debug|Any CPU
		{55E3ECB0-1412-4CEB-B136-3AADBCC2F401}.Debug|iPhone.Deploy.0 = Debug|Any CPU
		{55E3ECB0-1412-4CEB-B136-3AADBCC2F401}.Debug|iPhoneSimulator.ActiveCfg = Debug|Any CPU
		{55E3ECB0-1412-4CEB-B136-3AADBCC2F401}.Debug|iPhoneSimulator.Build.0 = Debug|Any CPU
		{55E3ECB0-1412-4CEB-B136-3AADBCC2F401}.Debug|iPhoneSimulator.Deploy.0 = Debug|Any CPU
		{55E3ECB0-1412-4CEB-B136-3AADBCC2F401}.Release|Any CPU.ActiveCfg = Release|Any CPU
		{55E3ECB0-1412-4CEB-B136-3AADBCC2F401}.Release|Any CPU.Build.0 = Release|Any CPU
		{55E3ECB0-1412-4CEB-B136-3AADBCC2F401}.Release|Any CPU.Deploy.0 = Release|Any CPU
		{55E3ECB0-1412-4CEB-B136-3AADBCC2F401}.Release|iPhone.ActiveCfg = Release|Any CPU
		{55E3ECB0-1412-4CEB-B136-3AADBCC2F401}.Release|iPhone.Build.0 = Release|Any CPU
		{55E3ECB0-1412-4CEB-B136-3AADBCC2F401}.Release|iPhone.Deploy.0 = Release|Any CPU
		{55E3ECB0-1412-4CEB-B136-3AADBCC2F401}.Release|iPhoneSimulator.ActiveCfg = Release|Any CPU
		{55E3ECB0-1412-4CEB-B136-3AADBCC2F401}.Release|iPhoneSimulator.Build.0 = Release|Any CPU
		{55E3ECB0-1412-4CEB-B136-3AADBCC2F401}.Release|iPhoneSimulator.Deploy.0 = Release|Any CPU
		{75EBC898-5C09-4185-8DDD-AC6A95436941}.Ad-Hoc|Any CPU.ActiveCfg = Release|Any CPU
		{75EBC898-5C09-4185-8DDD-AC6A95436941}.Ad-Hoc|Any CPU.Build.0 = Release|Any CPU
		{75EBC898-5C09-4185-8DDD-AC6A95436941}.Ad-Hoc|iPhone.ActiveCfg = Release|Any CPU
		{75EBC898-5C09-4185-8DDD-AC6A95436941}.Ad-Hoc|iPhone.Build.0 = Release|Any CPU
		{75EBC898-5C09-4185-8DDD-AC6A95436941}.Ad-Hoc|iPhoneSimulator.ActiveCfg = Release|Any CPU
		{75EBC898-5C09-4185-8DDD-AC6A95436941}.Ad-Hoc|iPhoneSimulator.Build.0 = Release|Any CPU
		{75EBC898-5C09-4185-8DDD-AC6A95436941}.AppStore|Any CPU.ActiveCfg = Release|Any CPU
		{75EBC898-5C09-4185-8DDD-AC6A95436941}.AppStore|Any CPU.Build.0 = Release|Any CPU
		{75EBC898-5C09-4185-8DDD-AC6A95436941}.AppStore|iPhone.ActiveCfg = Release|Any CPU
		{75EBC898-5C09-4185-8DDD-AC6A95436941}.AppStore|iPhone.Build.0 = Release|Any CPU
		{75EBC898-5C09-4185-8DDD-AC6A95436941}.AppStore|iPhoneSimulator.ActiveCfg = Release|Any CPU
		{75EBC898-5C09-4185-8DDD-AC6A95436941}.AppStore|iPhoneSimulator.Build.0 = Release|Any CPU
		{75EBC898-5C09-4185-8DDD-AC6A95436941}.Debug|Any CPU.ActiveCfg = Debug|Any CPU
		{75EBC898-5C09-4185-8DDD-AC6A95436941}.Debug|Any CPU.Build.0 = Debug|Any CPU
		{75EBC898-5C09-4185-8DDD-AC6A95436941}.Debug|iPhone.ActiveCfg = Debug|Any CPU
		{75EBC898-5C09-4185-8DDD-AC6A95436941}.Debug|iPhone.Build.0 = Debug|Any CPU
		{75EBC898-5C09-4185-8DDD-AC6A95436941}.Debug|iPhoneSimulator.ActiveCfg = Debug|Any CPU
		{75EBC898-5C09-4185-8DDD-AC6A95436941}.Debug|iPhoneSimulator.Build.0 = Debug|Any CPU
		{75EBC898-5C09-4185-8DDD-AC6A95436941}.Release|Any CPU.ActiveCfg = Release|Any CPU
		{75EBC898-5C09-4185-8DDD-AC6A95436941}.Release|Any CPU.Build.0 = Release|Any CPU
		{75EBC898-5C09-4185-8DDD-AC6A95436941}.Release|iPhone.ActiveCfg = Release|Any CPU
		{75EBC898-5C09-4185-8DDD-AC6A95436941}.Release|iPhone.Build.0 = Release|Any CPU
		{75EBC898-5C09-4185-8DDD-AC6A95436941}.Release|iPhoneSimulator.ActiveCfg = Release|Any CPU
		{75EBC898-5C09-4185-8DDD-AC6A95436941}.Release|iPhoneSimulator.Build.0 = Release|Any CPU
	EndGlobalSection
	GlobalSection(SolutionProperties) = preSolution
		HideSolutionNode = FALSE
	EndGlobalSection
EndGlobal
